
Microsoft Visual Studio Solution File, Format Version 12.00
# Visual Studio Version 17
VisualStudioVersion = 17.9.34728.123
MinimumVisualStudioVersion = 10.0.40219.1
Project("{FAE04EC0-301F-11D3-BF4B-00C04F79EFBC}") = "KFHRBackEnd", "KFHRBackEnd\KFHRBackEnd.csproj", "{EE732A6E-9FEF-4DD5-A732-53066A9AF5F4}"
EndProject
Project("{FAE04EC0-301F-11D3-BF4B-00C04F79EFBC}") = "KFHRFrontEnd", "KFHRFrontEnd\KFHRFrontEnd.csproj", "{9E7F88C9-6C59-491C-ABAD-CB811CCEAA94}"
EndProject
Global
	GlobalSection(SolutionConfigurationPlatforms) = preSolution
		Debug|Any CPU = Debug|Any CPU
		Release|Any CPU = Release|Any CPU
	EndGlobalSection
	GlobalSection(ProjectConfigurationPlatforms) = postSolution
		{EE732A6E-9FEF-4DD5-A732-53066A9AF5F4}.Debug|Any CPU.ActiveCfg = Debug|Any CPU
		{EE732A6E-9FEF-4DD5-A732-53066A9AF5F4}.Debug|Any CPU.Build.0 = Debug|Any CPU
		{EE732A6E-9FEF-4DD5-A732-53066A9AF5F4}.Release|Any CPU.ActiveCfg = Release|Any CPU
		{EE732A6E-9FEF-4DD5-A732-53066A9AF5F4}.Release|Any CPU.Build.0 = Release|Any CPU
		{9E7F88C9-6C59-491C-ABAD-CB811CCEAA94}.Debug|Any CPU.ActiveCfg = Debug|Any CPU
		{9E7F88C9-6C59-491C-ABAD-CB811CCEAA94}.Debug|Any CPU.Build.0 = Debug|Any CPU
		{9E7F88C9-6C59-491C-ABAD-CB811CCEAA94}.Release|Any CPU.ActiveCfg = Release|Any CPU
		{9E7F88C9-6C59-491C-ABAD-CB811CCEAA94}.Release|Any CPU.Build.0 = Release|Any CPU
	EndGlobalSection
	GlobalSection(SolutionProperties) = preSolution
		HideSolutionNode = FALSE
	EndGlobalSection
	GlobalSection(ExtensibilityGlobals) = postSolution
		SolutionGuid = {8A8A32C9-06CF-46C3-B804-45A05A002B9E}
	EndGlobalSection
EndGlobal
